
Microsoft Visual Studio Solution File, Format Version 12.00
# Visual Studio Version 17
VisualStudioVersion = 17.14.36908.2 d17.14
MinimumVisualStudioVersion = 10.0.40219.1
Project("{8BC9CEB8-8B4A-11D0-8D11-00A0C91BC942}") = "1.Array", "1.Array\1.Array.vcxproj", "{5A2974EF-E0EB-411A-91A7-6FCF38F37FC6}"
EndProject
Project("{8BC9CEB8-8B4A-11D0-8D11-00A0C91BC942}") = "2.Vector", "2.Vector\2.Vector.vcxproj", "{2DC79041-F324-4BFD-8942-3B108A92340B}"
EndProject
Project("{8BC9CEB8-8B4A-11D0-8D11-00A0C91BC942}") = "3.LinkedList", "3.LinkedList\3.LinkedList.vcxproj", "{F533B637-8717-4CD7-8AD9-1EFF5335AE4C}"
EndProject
Global
	GlobalSection(SolutionConfigurationPlatforms) = preSolution
		Debug|x64 = Debug|x64
		Release|x64 = Release|x64
	EndGlobalSection
	GlobalSection(ProjectConfigurationPlatforms) = postSolution
		{5A2974EF-E0EB-411A-91A7-6FCF38F37FC6}.Debug|x64.ActiveCfg = Debug|x64
		{5A2974EF-E0EB-411A-91A7-6FCF38F37FC6}.Debug|x64.Build.0 = Debug|x64
		{5A2974EF-E0EB-411A-91A7-6FCF38F37FC6}.Release|x64.ActiveCfg = Release|x64
		{5A2974EF-E0EB-411A-91A7-6FCF38F37FC6}.Release|x64.Build.0 = Release|x64
		{2DC79041-F324-4BFD-8942-3B108A92340B}.Debug|x64.ActiveCfg = Debug|x64
		{2DC79041-F324-4BFD-8942-3B108A92340B}.Debug|x64.Build.0 = Debug|x64
		{2DC79041-F324-4BFD-8942-3B108A92340B}.Release|x64.ActiveCfg = Release|x64
		{2DC79041-F324-4BFD-8942-3B108A92340B}.Release|x64.Build.0 = Release|x64
		{F533B637-8717-4CD7-8AD9-1EFF5335AE4C}.Debug|x64.ActiveCfg = Debug|x64
		{F533B637-8717-4CD7-8AD9-1EFF5335AE4C}.Debug|x64.Build.0 = Debug|x64
		{F533B637-8717-4CD7-8AD9-1EFF5335AE4C}.Release|x64.ActiveCfg = Release|x64
		{F533B637-8717-4CD7-8AD9-1EFF5335AE4C}.Release|x64.Build.0 = Release|x64
	EndGlobalSection
	GlobalSection(SolutionProperties) = preSolution
		HideSolutionNode = FALSE
	EndGlobalSection
	GlobalSection(ExtensibilityGlobals) = postSolution
		SolutionGuid = {27C80964-CC72-477B-97E3-62948A61965C}
	EndGlobalSection
EndGlobal
