
Microsoft Visual Studio Solution File, Format Version 12.00
# Visual Studio Version 17
VisualStudioVersion = 17.14.36908.2
MinimumVisualStudioVersion = 10.0.40219.1
Project("{8BC9CEB8-8B4A-11D0-8D11-00A0C91BC942}") = "1.Array", "1.Array\1.Array.vcxproj", "{5A2974EF-E0EB-411A-91A7-6FCF38F37FC6}"
EndProject
Project("{8BC9CEB8-8B4A-11D0-8D11-00A0C91BC942}") = "2.Vector", "2.Vector\2.Vector.vcxproj", "{2DC79041-F324-4BFD-8942-3B108A92340B}"
EndProject
Project("{8BC9CEB8-8B4A-11D0-8D11-00A0C91BC942}") = "3.LinkedList", "3.LinkedList\3.LinkedList.vcxproj", "{F533B637-8717-4CD7-8AD9-1EFF5335AE4C}"
EndProject
Project("{8BC9CEB8-8B4A-11D0-8D11-00A0C91BC942}") = "4.DoublyLinkedList", "DoublyLinkedList\DoublyLinkedList.vcxproj", "{A42C1C16-AB9C-4DE3-B103-C62BF12CCC2F}"
EndProject
Project("{8BC9CEB8-8B4A-11D0-8D11-00A0C91BC942}") = "5.Stack", "5.Stack\5.Stack.vcxproj", "{F71037CA-21C7-4861-B16E-DB7699EF81EF}"
EndProject
Project("{8BC9CEB8-8B4A-11D0-8D11-00A0C91BC942}") = "6.StackMaze", "6.StackMaze\6.StackMaze.vcxproj", "{AAB5B756-7C3F-43B8-AC14-0ADA66902F5F}"
EndProject
Project("{8BC9CEB8-8B4A-11D0-8D11-00A0C91BC942}") = "7.Queue", "7.Queue\7.Queue.vcxproj", "{49FC1B10-54B7-4699-935E-F7B99F00B7D8}"
EndProject
Project("{8BC9CEB8-8B4A-11D0-8D11-00A0C91BC942}") = "8.QueueMaze", "8.QueueMaze\8.QueueMaze.vcxproj", "{FFBD7C56-F924-4624-85D1-9085E9D948DA}"
EndProject
Global
	GlobalSection(SolutionConfigurationPlatforms) = preSolution
		Debug|x64 = Debug|x64
		Release|x64 = Release|x64
	EndGlobalSection
	GlobalSection(ProjectConfigurationPlatforms) = postSolution
		{5A2974EF-E0EB-411A-91A7-6FCF38F37FC6}.Debug|x64.ActiveCfg = Debug|x64
		{5A2974EF-E0EB-411A-91A7-6FCF38F37FC6}.Debug|x64.Build.0 = Debug|x64
		{5A2974EF-E0EB-411A-91A7-6FCF38F37FC6}.Release|x64.ActiveCfg = Release|x64
		{5A2974EF-E0EB-411A-91A7-6FCF38F37FC6}.Release|x64.Build.0 = Release|x64
		{2DC79041-F324-4BFD-8942-3B108A92340B}.Debug|x64.ActiveCfg = Debug|x64
		{2DC79041-F324-4BFD-8942-3B108A92340B}.Debug|x64.Build.0 = Debug|x64
		{2DC79041-F324-4BFD-8942-3B108A92340B}.Release|x64.ActiveCfg = Release|x64
		{2DC79041-F324-4BFD-8942-3B108A92340B}.Release|x64.Build.0 = Release|x64
		{F533B637-8717-4CD7-8AD9-1EFF5335AE4C}.Debug|x64.ActiveCfg = Debug|x64
		{F533B637-8717-4CD7-8AD9-1EFF5335AE4C}.Debug|x64.Build.0 = Debug|x64
		{F533B637-8717-4CD7-8AD9-1EFF5335AE4C}.Release|x64.ActiveCfg = Release|x64
		{F533B637-8717-4CD7-8AD9-1EFF5335AE4C}.Release|x64.Build.0 = Release|x64
		{A42C1C16-AB9C-4DE3-B103-C62BF12CCC2F}.Debug|x64.ActiveCfg = Debug|x64
		{A42C1C16-AB9C-4DE3-B103-C62BF12CCC2F}.Debug|x64.Build.0 = Debug|x64
		{A42C1C16-AB9C-4DE3-B103-C62BF12CCC2F}.Release|x64.ActiveCfg = Release|x64
		{A42C1C16-AB9C-4DE3-B103-C62BF12CCC2F}.Release|x64.Build.0 = Release|x64
		{F71037CA-21C7-4861-B16E-DB7699EF81EF}.Debug|x64.ActiveCfg = Debug|x64
		{F71037CA-21C7-4861-B16E-DB7699EF81EF}.Debug|x64.Build.0 = Debug|x64
		{F71037CA-21C7-4861-B16E-DB7699EF81EF}.Release|x64.ActiveCfg = Release|x64
		{F71037CA-21C7-4861-B16E-DB7699EF81EF}.Release|x64.Build.0 = Release|x64
		{AAB5B756-7C3F-43B8-AC14-0ADA66902F5F}.Debug|x64.ActiveCfg = Debug|x64
		{AAB5B756-7C3F-43B8-AC14-0ADA66902F5F}.Debug|x64.Build.0 = Debug|x64
		{AAB5B756-7C3F-43B8-AC14-0ADA66902F5F}.Release|x64.ActiveCfg = Release|x64
		{AAB5B756-7C3F-43B8-AC14-0ADA66902F5F}.Release|x64.Build.0 = Release|x64
		{49FC1B10-54B7-4699-935E-F7B99F00B7D8}.Debug|x64.ActiveCfg = Debug|x64
		{49FC1B10-54B7-4699-935E-F7B99F00B7D8}.Debug|x64.Build.0 = Debug|x64
		{49FC1B10-54B7-4699-935E-F7B99F00B7D8}.Release|x64.ActiveCfg = Release|x64
		{49FC1B10-54B7-4699-935E-F7B99F00B7D8}.Release|x64.Build.0 = Release|x64
		{FFBD7C56-F924-4624-85D1-9085E9D948DA}.Debug|x64.ActiveCfg = Debug|x64
		{FFBD7C56-F924-4624-85D1-9085E9D948DA}.Debug|x64.Build.0 = Debug|x64
		{FFBD7C56-F924-4624-85D1-9085E9D948DA}.Release|x64.ActiveCfg = Release|x64
		{FFBD7C56-F924-4624-85D1-9085E9D948DA}.Release|x64.Build.0 = Release|x64
	EndGlobalSection
	GlobalSection(SolutionProperties) = preSolution
		HideSolutionNode = FALSE
	EndGlobalSection
	GlobalSection(ExtensibilityGlobals) = postSolution
		SolutionGuid = {27C80964-CC72-477B-97E3-62948A61965C}
	EndGlobalSection
EndGlobal
